
Microsoft Visual Studio Solution File, Format Version 12.00
# Visual Studio Express 15 for Windows Desktop
VisualStudioVersion = 15.0.28307.1321
MinimumVisualStudioVersion = 10.0.40219.1
Project("{FAE04EC0-301F-11D3-BF4B-00C04F79EFBC}") = "splitter", "splitter\splitter.csproj", "{41818D92-2467-4612-B11D-E6B898E78655}"
EndProject
Project("{FAE04EC0-301F-11D3-BF4B-00C04F79EFBC}") = "disfr-core", "disfr\disfr-core\disfr-core.csproj", "{52C27A7F-355E-4BBC-8F0D-546FB11EF689}"
EndProject
Global
	GlobalSection(SolutionConfigurationPlatforms) = preSolution
		Debug|Any CPU = Debug|Any CPU
		Release|Any CPU = Release|Any CPU
	EndGlobalSection
	GlobalSection(ProjectConfigurationPlatforms) = postSolution
		{41818D92-2467-4612-B11D-E6B898E78655}.Debug|Any CPU.ActiveCfg = Debug|Any CPU
		{41818D92-2467-4612-B11D-E6B898E78655}.Debug|Any CPU.Build.0 = Debug|Any CPU
		{41818D92-2467-4612-B11D-E6B898E78655}.Release|Any CPU.ActiveCfg = Release|Any CPU
		{41818D92-2467-4612-B11D-E6B898E78655}.Release|Any CPU.Build.0 = Release|Any CPU
		{52C27A7F-355E-4BBC-8F0D-546FB11EF689}.Debug|Any CPU.ActiveCfg = Debug|Any CPU
		{52C27A7F-355E-4BBC-8F0D-546FB11EF689}.Debug|Any CPU.Build.0 = Debug|Any CPU
		{52C27A7F-355E-4BBC-8F0D-546FB11EF689}.Release|Any CPU.ActiveCfg = Release|Any CPU
		{52C27A7F-355E-4BBC-8F0D-546FB11EF689}.Release|Any CPU.Build.0 = Release|Any CPU
	EndGlobalSection
	GlobalSection(SolutionProperties) = preSolution
		HideSolutionNode = FALSE
	EndGlobalSection
	GlobalSection(ExtensibilityGlobals) = postSolution
		SolutionGuid = {E0F39429-7213-4523-B2F4-9C8C0CFE6313}
	EndGlobalSection
EndGlobal
